
Microsoft Visual Studio Solution File, Format Version 12.00
# Visual Studio Version 16
VisualStudioVersion = 16.0.31911.196
MinimumVisualStudioVersion = 10.0.40219.1
Project("{9A19103F-16F7-4668-BE54-9A1E7A4F7556}") = "TinyTlsProxy", "TinyTlsProxy\TinyTlsProxy.csproj", "{EAB6535D-C6E2-4DB0-A63E-C5C947E3C7BF}"
EndProject
Project("{2150E333-8FDC-42A3-9474-1A3956D46DE8}") = "Doc", "Doc", "{F3C95471-A72E-494F-894E-20ED48D6B6B7}"
	ProjectSection(SolutionItems) = preProject
		LICENSE.txt = LICENSE.txt
		README.md = README.md
	EndProjectSection
EndProject
Global
	GlobalSection(SolutionConfigurationPlatforms) = preSolution
		Debug|Any CPU = Debug|Any CPU
		Release|Any CPU = Release|Any CPU
	EndGlobalSection
	GlobalSection(ProjectConfigurationPlatforms) = postSolution
		{EAB6535D-C6E2-4DB0-A63E-C5C947E3C7BF}.Debug|Any CPU.ActiveCfg = Debug|Any CPU
		{EAB6535D-C6E2-4DB0-A63E-C5C947E3C7BF}.Debug|Any CPU.Build.0 = Debug|Any CPU
		{EAB6535D-C6E2-4DB0-A63E-C5C947E3C7BF}.Release|Any CPU.ActiveCfg = Release|Any CPU
		{EAB6535D-C6E2-4DB0-A63E-C5C947E3C7BF}.Release|Any CPU.Build.0 = Release|Any CPU
	EndGlobalSection
	GlobalSection(SolutionProperties) = preSolution
		HideSolutionNode = FALSE
	EndGlobalSection
	GlobalSection(ExtensibilityGlobals) = postSolution
		SolutionGuid = {80432772-1BE3-42BF-BA0F-4D2DE489E66C}
	EndGlobalSection
EndGlobal
